PODS:
  - emojidataios (0.7.0)
  - Nimble (9.2.1)
  - Quick (4.0.0)

DEPENDENCIES:
  - emojidataios (from `../`)
  - Nimble
  - Quick

SPEC REPOS:
  trunk:
    - Nimble
    - Quick

EXTERNAL SOURCES:
  emojidataios:
    :path: "../"

SPEC CHECKSUMS:
  emojidataios: 6ea445c2d7bebd76599dafa9e7e511d3e473a32b
  Nimble: e7e615c0335ee4bf5b0d786685451e62746117d5
  Quick: 6473349e43b9271a8d43839d9ba1c442ed1b7ac4

PODFILE CHECKSUM: 6e23a663b916dfe5471e54718ae3b4846574a1c1

COCOAPODS: 1.11.2
